
Microsoft Visual Studio Solution File, Format Version 12.00
# Visual Studio Version 17
VisualStudioVersion = 17.2.32630.192
MinimumVisualStudioVersion = 10.0.40219.1
Project("{FAE04EC0-301F-11D3-BF4B-00C04F79EFBC}") = "Activity 15", "Activity 15\Activity 15.csproj", "{8072DD98-0FD2-445E-B7FD-2E1D96DB2431}"
EndProject
Global
	GlobalSection(SolutionConfigurationPlatforms) = preSolution
		Debug|Any CPU = Debug|Any CPU
		Release|Any CPU = Release|Any CPU
	EndGlobalSection
	GlobalSection(ProjectConfigurationPlatforms) = postSolution
		{8072DD98-0FD2-445E-B7FD-2E1D96DB2431}.Debug|Any CPU.ActiveCfg = Debug|Any CPU
		{8072DD98-0FD2-445E-B7FD-2E1D96DB2431}.Debug|Any CPU.Build.0 = Debug|Any CPU
		{8072DD98-0FD2-445E-B7FD-2E1D96DB2431}.Release|Any CPU.ActiveCfg = Release|Any CPU
		{8072DD98-0FD2-445E-B7FD-2E1D96DB2431}.Release|Any CPU.Build.0 = Release|Any CPU
	EndGlobalSection
	GlobalSection(SolutionProperties) = preSolution
		HideSolutionNode = FALSE
	EndGlobalSection
	GlobalSection(ExtensibilityGlobals) = postSolution
		SolutionGuid = {D6F8C644-3056-4532-999F-67FFF6C32038}
	EndGlobalSection
EndGlobal
